// !$*UTF8*$!
{
	archiveVersion = 1;
	classes = {
	};
	objectVersion = 46;
	objects = {

/* Begin PBXBuildFile section */
		04EB37F01ABF6C75009CE392 /* AppDelegate.swift in Sources */ = {isa = PBXBuildFile; fileRef = 04EB37EF1ABF6C75009CE392 /* AppDelegate.swift */; };
		04EB37F21ABF6C75009CE392 /* ViewController.swift in Sources */ = {isa = PBXBuildFile; fileRef = 04EB37F11ABF6C75009CE392 /* ViewController.swift */; };
		04EB37F51ABF6C75009CE392 /* Main.storyboard in Resources */ = {isa = PBXBuildFile; fileRef = 04EB37F31ABF6C75009CE392 /* Main.storyboard */; };
		04EB37F71ABF6C75009CE392 /* Images.xcassets in Resources */ = {isa = PBXBuildFile; fileRef = 04EB37F61ABF6C75009CE392 /* Images.xcassets */; };
		04EB37FA1ABF6C75009CE392 /* LaunchScreen.xib in Resources */ = {isa = PBXBuildFile; fileRef = 04EB37F81ABF6C75009CE392 /* LaunchScreen.xib */; };
		04EB38061ABF6C75009CE392 /* SlotMachineTests.swift in Sources */ = {isa = PBXBuildFile; fileRef = 04EB38051ABF6C75009CE392 /* SlotMachineTests.swift */; };
		04EB38101AC24D3B009CE392 /* Slot.swift in Sources */ = {isa = PBXBuildFile; fileRef = 04EB380F1AC24D3B009CE392 /* Slot.swift */; };
		04EB38121AC24EDB009CE392 /* Factory.swift in Sources */ = {isa = PBXBuildFile; fileRef = 04EB38111AC24EDB009CE392 /* Factory.swift */; };
		04EB38141AC3C0CB009CE392 /* SlotBrain.swift in Sources */ = {isa = PBXBuildFile; fileRef = 04EB38131AC3C0CB009CE392 /* SlotBrain.swift */; };
/* End PBXBuildFile section */

/* Begin PBXContainerItemProxy section */
		04EB38001ABF6C75009CE392 /* PBXContainerItemProxy */ = {
			isa = PBXContainerItemProxy;
			containerPortal = 04EB37E21ABF6C75009CE392 /* Project object */;
			proxyType = 1;
			remoteGlobalIDString = 04EB37E91ABF6C75009CE392;
			remoteInfo = SlotMachine;
		};
/* End PBXContainerItemProxy section */

/* Begin PBXFileReference section */
		04EB37EA1ABF6C75009CE392 /* SlotMachine.app */ = {isa = PBXFileReference; explicitFileType = wrapper.application; includeInIndex = 0; path = SlotMachine.app; sourceTree = BUILT_PRODUCTS_DIR; };
		04EB37EE1ABF6C75009CE392 /* Info.plist */ = {isa = PBXFileReference; lastKnownFileType = text.plist.xml; path = Info.plist; sourceTree = "<group>"; };
		04EB37EF1ABF6C75009CE392 /* AppDelegate.swift */ = {isa = PBXFileReference; lastKnownFileType = sourcecode.swift; path = AppDelegate.swift; sourceTree = "<group>"; };
		04EB37F11ABF6C75009CE392 /* ViewController.swift */ = {isa = PBXFileReference; lastKnownFileType = sourcecode.swift; path = ViewController.swift; sourceTree = "<group>"; };
		04EB37F41ABF6C75009CE392 /* Base */ = {isa = PBXFileReference; lastKnownFileType = file.storyboard; name = Base; path = Base.lproj/Main.storyboard; sourceTree = "<group>"; };
		04EB37F61ABF6C75009CE392 /* Images.xcassets */ = {isa = PBXFileReference; lastKnownFileType = folder.assetcatalog; path = Images.xcassets; sourceTree = "<group>"; };
		04EB37F91ABF6C75009CE392 /* Base */ = {isa = PBXFileReference; lastKnownFileType = file.xib; name = Base; path = Base.lproj/LaunchScreen.xib; sourceTree = "<group>"; };
		04EB37FF1ABF6C75009CE392 /* SlotMachineTests.xctest */ = {isa = PBXFileReference; explicitFileType = wrapper.cfbundle; includeInIndex = 0; path = SlotMachineTests.xctest; sourceTree = BUILT_PRODUCTS_DIR; };
		04EB38041ABF6C75009CE392 /* Info.plist */ = {isa = PBXFileReference; lastKnownFileType = text.plist.xml; path = Info.plist; sourceTree = "<group>"; };
		04EB38051ABF6C75009CE392 /* SlotMachineTests.swift */ = {isa = PBXFileReference; lastKnownFileType = sourcecode.swift; path = SlotMachineTests.swift; sourceTree = "<group>"; };
		04EB380F1AC24D3B009CE392 /* Slot.swift */ = {isa = PBXFileReference; fileEncoding = 4; lastKnownFileType = sourcecode.swift; path = Slot.swift; sourceTree = "<group>"; };
		04EB38111AC24EDB009CE392 /* Factory.swift */ = {isa = PBXFileReference; fileEncoding = 4; lastKnownFileType = sourcecode.swift; path = Factory.swift; sourceTree = "<group>"; };
		04EB38131AC3C0CB009CE392 /* SlotBrain.swift */ = {isa = PBXFileReference; fileEncoding = 4; lastKnownFileType = sourcecode.swift; path = SlotBrain.swift; sourceTree = "<group>"; };
/* End PBXFileReference section */

/* Begin PBXFrameworksBuildPhase section */
		04EB37E71ABF6C75009CE392 /* Frameworks */ = {
			isa = PBXFrameworksBuildPhase;
			buildActionMask = 2147483647;
			files = (
			);
			runOnlyForDeploymentPostprocessing = 0;
		};
		04EB37FC1ABF6C75009CE392 /* Frameworks */ = {
			isa = PBXFrameworksBuildPhase;
			buildActionMask = 2147483647;
			files = (
			);
			runOnlyForDeploymentPostprocessing = 0;
		};
/* End PBXFrameworksBuildPhase section */

/* Begin PBXGroup section */
		04EB37E11ABF6C75009CE392 = {
			isa = PBXGroup;
			children = (
				04EB37EC1ABF6C75009CE392 /* SlotMachine */,
				04EB38021ABF6C75009CE392 /* SlotMachineTests */,
				04EB37EB1ABF6C75009CE392 /* Products */,
			);
			sourceTree = "<group>";
		};
		04EB37EB1ABF6C75009CE392 /* Products */ = {
			isa = PBXGroup;
			children = (
				04EB37EA1ABF6C75009CE392 /* SlotMachine.app */,
				04EB37FF1ABF6C75009CE392 /* SlotMachineTests.xctest */,
			);
			name = Products;
			sourceTree = "<group>";
		};
		04EB37EC1ABF6C75009CE392 /* SlotMachine */ = {
			isa = PBXGroup;
			children = (
				04EB37EF1ABF6C75009CE392 /* AppDelegate.swift */,
				04EB37F11ABF6C75009CE392 /* ViewController.swift */,
				04EB38131AC3C0CB009CE392 /* SlotBrain.swift */,
				04EB380F1AC24D3B009CE392 /* Slot.swift */,
				04EB37F31ABF6C75009CE392 /* Main.storyboard */,
				04EB37F61ABF6C75009CE392 /* Images.xcassets */,
				04EB37F81ABF6C75009CE392 /* LaunchScreen.xib */,
				04EB37ED1ABF6C75009CE392 /* Supporting Files */,
				04EB38111AC24EDB009CE392 /* Factory.swift */,
			);
			path = SlotMachine;
			sourceTree = "<group>";
		};
		04EB37ED1ABF6C75009CE392 /* Supporting Files */ = {
			isa = PBXGroup;
			children = (
				04EB37EE1ABF6C75009CE392 /* Info.plist */,
			);
			name = "Supporting Files";
			sourceTree = "<group>";
		};
		04EB38021ABF6C75009CE392 /* SlotMachineTests */ = {
			isa = PBXGroup;
			children = (
				04EB38051ABF6C75009CE392 /* SlotMachineTests.swift */,
				04EB38031ABF6C75009CE392 /* Supporting Files */,
			);
			path = SlotMachineTests;
			sourceTree = "<group>";
		};
		04EB38031ABF6C75009CE392 /* Supporting Files */ = {
			isa = PBXGroup;
			children = (
				04EB38041ABF6C75009CE392 /* Info.plist */,
			);
			name = "Supporting Files";
			sourceTree = "<group>";
		};
/* End PBXGroup section */

/* Begin PBXNativeTarget section */
		04EB37E91ABF6C75009CE392 /* SlotMachine */ = {
			isa = PBXNativeTarget;
			buildConfigurationList = 04EB38091ABF6C75009CE392 /* Build configuration list for PBXNativeTarget "SlotMachine" */;
			buildPhases = (
				04EB37E61ABF6C75009CE392 /* Sources */,
				04EB37E71ABF6C75009CE392 /* Frameworks */,
				04EB37E81ABF6C75009CE392 /* Resources */,
			);
			buildRules = (
			);
			dependencies = (
			);
			name = SlotMachine;
			productName = SlotMachine;
			productReference = 04EB37EA1ABF6C75009CE392 /* SlotMachine.app */;
			productType = "com.apple.product-type.application";
		};
		04EB37FE1ABF6C75009CE392 /* SlotMachineTests */ = {
			isa = PBXNativeTarget;
			buildConfigurationList = 04EB380C1ABF6C75009CE392 /* Build configuration list for PBXNativeTarget "SlotMachineTests" */;
			buildPhases = (
				04EB37FB1ABF6C75009CE392 /* Sources */,
				04EB37FC1ABF6C75009CE392 /* Frameworks */,
				04EB37FD1ABF6C75009CE392 /* Resources */,
			);
			buildRules = (
			);
			dependencies = (
				04EB38011ABF6C75009CE392 /* PBXTargetDependency */,
			);
			name = SlotMachineTests;
			productName = SlotMachineTests;
			productReference = 04EB37FF1ABF6C75009CE392 /* SlotMachineTests.xctest */;
			productType = "com.apple.product-type.bundle.unit-test";
		};
/* End PBXNativeTarget section */

/* Begin PBXProject section */
		04EB37E21ABF6C75009CE392 /* Project object */ = {
			isa = PBXProject;
			attributes = {
				LastUpgradeCheck = 0620;
				ORGANIZATIONNAME = "Melodity.com, LLC";
				TargetAttributes = {
					04EB37E91ABF6C75009CE392 = {
						CreatedOnToolsVersion = 6.2;
					};
					04EB37FE1ABF6C75009CE392 = {
						CreatedOnToolsVersion = 6.2;
						TestTargetID = 04EB37E91ABF6C75009CE392;
					};
				};
			};
			buildConfigurationList = 04EB37E51ABF6C75009CE392 /* Build configuration list for PBXProject "SlotMachine" */;
			compatibilityVersion = "Xcode 3.2";
			developmentRegion = English;
			hasScannedForEncodings = 0;
			knownRegions = (
				en,
				Base,
			);
			mainGroup = 04EB37E11ABF6C75009CE392;
			productRefGroup = 04EB37EB1ABF6C75009CE392 /* Products */;
			projectDirPath = "";
			projectRoot = "";
			targets = (
				04EB37E91ABF6C75009CE392 /* SlotMachine */,
				04EB37FE1ABF6C75009CE392 /* SlotMachineTests */,
			);
		};
/* End PBXProject section */

/* Begin PBXResourcesBuildPhase section */
		04EB37E81ABF6C75009CE392 /* Resources */ = {
			isa = PBXResourcesBuildPhase;
			buildActionMask = 2147483647;
			files = (
				04EB37F51ABF6C75009CE392 /* Main.storyboard in Resources */,
				04EB37FA1ABF6C75009CE392 /* LaunchScreen.xib in Resources */,
				04EB37F71ABF6C75009CE392 /* Images.xcassets in Resources */,
			);
			runOnlyForDeploymentPostprocessing = 0;
		};
		04EB37FD1ABF6C75009CE392 /* Resources */ = {
			isa = PBXResourcesBuildPhase;
			buildActionMask = 2147483647;
			files = (
			);
			runOnlyForDeploymentPostprocessing = 0;
		};
/* End PBXResourcesBuildPhase section */

/* Begin PBXSourcesBuildPhase section */
		04EB37E61ABF6C75009CE392 /* Sources */ = {
			isa = PBXSourcesBuildPhase;
			buildActionMask = 2147483647;
			files = (
				04EB38121AC24EDB009CE392 /* Factory.swift in Sources */,
				04EB37F21ABF6C75009CE392 /* ViewController.swift in Sources */,
				04EB38101AC24D3B009CE392 /* Slot.swift in Sources */,
				04EB37F01ABF6C75009CE392 /* AppDelegate.swift in Sources */,
				04EB38141AC3C0CB009CE392 /* SlotBrain.swift in Sources */,
			);
			runOnlyForDeploymentPostprocessing = 0;
		};
		04EB37FB1ABF6C75009CE392 /* Sources */ = {
			isa = PBXSourcesBuildPhase;
			buildActionMask = 2147483647;
			files = (
				04EB38061ABF6C75009CE392 /* SlotMachineTests.swift in Sources */,
			);
			runOnlyForDeploymentPostprocessing = 0;
		};
/* End PBXSourcesBuildPhase section */

/* Begin PBXTargetDependency section */
		04EB38011ABF6C75009CE392 /* PBXTargetDependency */ = {
			isa = PBXTargetDependency;
			target = 04EB37E91ABF6C75009CE392 /* SlotMachine */;
			targetProxy = 04EB38001ABF6C75009CE392 /* PBXContainerItemProxy */;
		};
/* End PBXTargetDependency section */

/* Begin PBXVariantGroup section */
		04EB37F31ABF6C75009CE392 /* Main.storyboard */ = {
			isa = PBXVariantGroup;
			children = (
				04EB37F41ABF6C75009CE392 /* Base */,
			);
			name = Main.storyboard;
			sourceTree = "<group>";
		};
		04EB37F81ABF6C75009CE392 /* LaunchScreen.xib */ = {
			isa = PBXVariantGroup;
			children = (
				04EB37F91ABF6C75009CE392 /* Base */,
			);
			name = LaunchScreen.xib;
			sourceTree = "<group>";
		};
/* End PBXVariantGroup section */

/* Begin XCBuildConfiguration section */
		04EB38071ABF6C75009CE392 /* Debug */ = {
			isa = XCBuildConfiguration;
			buildSettings = {
				ALWAYS_SEARCH_USER_PATHS = NO;
				CLANG_CXX_LANGUAGE_STANDARD = "gnu++0x";
				CLANG_CXX_LIBRARY = "libc++";
				CLANG_ENABLE_MODULES = YES;
				CLANG_ENABLE_OBJC_ARC = YES;
				CLANG_WARN_BOOL_CONVERSION = YES;
				CLANG_WARN_CONSTANT_CONVERSION = YES;
				CLANG_WARN_DIRECT_OBJC_ISA_USAGE = YES_ERROR;
				CLANG_WARN_EMPTY_BODY = YES;
				CLANG_WARN_ENUM_CONVERSION = YES;
				CLANG_WARN_INT_CONVERSION = YES;
				CLANG_WARN_OBJC_ROOT_CLASS = YES_ERROR;
				CLANG_WARN_UNREACHABLE_CODE = YES;
				CLANG_WARN__DUPLICATE_METHOD_MATCH = YES;
				"CODE_SIGN_IDENTITY[sdk=iphoneos*]" = "iPhone Developer";
				COPY_PHASE_STRIP = NO;
				ENABLE_STRICT_OBJC_MSGSEND = YES;
				GCC_C_LANGUAGE_STANDARD = gnu99;
				GCC_DYNAMIC_NO_PIC = NO;
				GCC_OPTIMIZATION_LEVEL = 0;
				GCC_PREPROCESSOR_DEFINITIONS = (
					"DEBUG=1",
					"$(inherited)",
				);
				GCC_SYMBOLS_PRIVATE_EXTERN = NO;
				GCC_WARN_64_TO_32_BIT_CONVERSION = YES;
				GCC_WARN_ABOUT_RETURN_TYPE = YES_ERROR;
				GCC_WARN_UNDECLARED_SELECTOR = YES;
				GCC_WARN_UNINITIALIZED_AUTOS = YES_AGGRESSIVE;
				GCC_WARN_UNUSED_FUNCTION = YES;
				GCC_WARN_UNUSED_VARIABLE = YES;
				IPHONEOS_DEPLOYMENT_TARGET = 8.2;
				MTL_ENABLE_DEBUG_INFO = YES;
				ONLY_ACTIVE_ARCH = YES;
				SDKROOT = iphoneos;
				SWIFT_OPTIMIZATION_LEVEL = "-Onone";
				TARGETED_DEVICE_FAMILY = "1,2";
			};
			name = Debug;
		};
		04EB38081ABF6C75009CE392 /* Release */ = {
			isa = XCBuildConfiguration;
			buildSettings = {
				ALWAYS_SEARCH_USER_PATHS = NO;
				CLANG_CXX_LANGUAGE_STANDARD = "gnu++0x";
				CLANG_CXX_LIBRARY = "libc++";
				CLANG_ENABLE_MODULES = YES;
				CLANG_ENABLE_OBJC_ARC = YES;
				CLANG_WARN_BOOL_CONVERSION = YES;
				CLANG_WARN_CONSTANT_CONVERSION = YES;
				CLANG_WARN_DIRECT_OBJC_ISA_USAGE = YES_ERROR;
				CLANG_WARN_EMPTY_BODY = YES;
				CLANG_WARN_ENUM_CONVERSION = YES;
				CLANG_WARN_INT_CONVERSION = YES;
				CLANG_WARN_OBJC_ROOT_CLASS = YES_ERROR;
				CLANG_WARN_UNREACHABLE_CODE = YES;
				CLANG_WARN__DUPLICATE_METHOD_MATCH = YES;
				"CODE_SIGN_IDENTITY[sdk=iphoneos*]" = "iPhone Developer";
				COPY_PHASE_STRIP = NO;
				ENABLE_NS_ASSERTIONS = NO;
				ENABLE_STRICT_OBJC_MSGSEND = YES;
				GCC_C_LANGUAGE_STANDARD = gnu99;
				GCC_WARN_64_TO_32_BIT_CONVERSION = YES;
				GCC_WARN_ABOUT_RETURN_TYPE = YES_ERROR;
				GCC_WARN_UNDECLARED_SELECTOR = YES;
				GCC_WARN_UNINITIALIZED_AUTOS = YES_AGGRESSIVE;
				GCC_WARN_UNUSED_FUNCTION = YES;
				GCC_WARN_UNUSED_VARIABLE = YES;
				IPHONEOS_DEPLOYMENT_TARGET = 8.2;
				MTL_ENABLE_DEBUG_INFO = NO;
				SDKROOT = iphoneos;
				TARGETED_DEVICE_FAMILY = "1,2";
				VALIDATE_PRODUCT = YES;
			};
			name = Release;
		};
		04EB380A1ABF6C75009CE392 /* Debug */ = {
			isa = XCBuildConfiguration;
			buildSettings = {
				ASSETCATALOG_COMPILER_APPICON_NAME = AppIcon;
				INFOPLIST_FILE = SlotMachine/Info.plist;
				LD_RUNPATH_SEARCH_PATHS = "$(inherited) @executable_path/Frameworks";
				PRODUCT_NAME = "$(TARGET_NAME)";
			};
			name = Debug;
		};
		04EB380B1ABF6C75009CE392 /* Release */ = {
			isa = XCBuildConfiguration;
			buildSettings = {
				ASSETCATALOG_COMPILER_APPICON_NAME = AppIcon;
				INFOPLIST_FILE = SlotMachine/Info.plist;
				LD_RUNPATH_SEARCH_PATHS = "$(inherited) @executable_path/Frameworks";
				PRODUCT_NAME = "$(TARGET_NAME)";
			};
			name = Release;
		};
		04EB380D1ABF6C75009CE392 /* Debug */ = {
			isa = XCBuildConfiguration;
			buildSettings = {
				BUNDLE_LOADER = "$(TEST_HOST)";
				FRAMEWORK_SEARCH_PATHS = (
					"$(SDKROOT)/Developer/Library/Frameworks",
					"$(inherited)",
				);
				GCC_PREPROCESSOR_DEFINITIONS = (
					"DEBUG=1",
					"$(inherited)",
				);
				INFOPLIST_FILE = SlotMachineTests/Info.plist;
				LD_RUNPATH_SEARCH_PATHS = "$(inherited) @executable_path/Frameworks @loader_path/Frameworks";
				PRODUCT_NAME = "$(TARGET_NAME)";
				TEST_HOST = "$(BUILT_PRODUCTS_DIR)/SlotMachine.app/SlotMachine";
			};
			name = Debug;
		};
		04EB380E1ABF6C75009CE392 /* Release */ = {
			isa = XCBuildConfiguration;
			buildSettings = {
				BUNDLE_LOADER = "$(TEST_HOST)";
				FRAMEWORK_SEARCH_PATHS = (
					"$(SDKROOT)/Developer/Library/Frameworks",
					"$(inherited)",
				);
				INFOPLIST_FILE = SlotMachineTests/Info.plist;
				LD_RUNPATH_SEARCH_PATHS = "$(inherited) @executable_path/Frameworks @loader_path/Frameworks";
				PRODUCT_NAME = "$(TARGET_NAME)";
				TEST_HOST = "$(BUILT_PRODUCTS_DIR)/SlotMachine.app/SlotMachine";
			};
			name = Release;
		};
/* End XCBuildConfiguration section */

/* Begin XCConfigurationList section */
		04EB37E51ABF6C75009CE392 /* Build configuration list for PBXProject "SlotMachine" */ = {
			isa = XCConfigurationList;
			buildConfigurations = (
				04EB38071ABF6C75009CE392 /* Debug */,
				04EB38081ABF6C75009CE392 /* Release */,
			);
			defaultConfigurationIsVisible = 0;
			defaultConfigurationName = Release;
		};
		04EB38091ABF6C75009CE392 /* Build configuration list for PBXNativeTarget "SlotMachine" */ = {
			isa = XCConfigurationList;
			buildConfigurations = (
				04EB380A1ABF6C75009CE392 /* Debug */,
				04EB380B1ABF6C75009CE392 /* Release */,
			);
			defaultConfigurationIsVisible = 0;
		};
		04EB380C1ABF6C75009CE392 /* Build configuration list for PBXNativeTarget "SlotMachineTests" */ = {
			isa = XCConfigurationList;
			buildConfigurations = (
				04EB380D1ABF6C75009CE392 /* Debug */,
				04EB380E1ABF6C75009CE392 /* Release */,
			);
			defaultConfigurationIsVisible = 0;
		};
/* End XCConfigurationList section */
	};
	rootObject = 04EB37E21ABF6C75009CE392 /* Project object */;
}
